
Microsoft Visual Studio Solution File, Format Version 12.00
# Visual Studio 14
VisualStudioVersion = 14.0.24720.0
MinimumVisualStudioVersion = 10.0.40219.1
Project("{FAE04EC0-301F-11D3-BF4B-00C04F79EFBC}") = "FamilyExplorer", "FamilyExplorer\FamilyExplorer.csproj", "{D06EBB01-9BE5-4D46-B3E2-3600FB200646}"
EndProject
Project("{FAE04EC0-301F-11D3-BF4B-00C04F79EFBC}") = "UnitTests", "UnitTests\UnitTests.csproj", "{32506E7A-DB28-4423-B054-7D59CBF2441F}"
EndProject
Project("{54435603-DBB4-11D2-8724-00A0C9A8B90C}") = "Setup", "Setup\Setup.vdproj", "{E515BF5E-442B-4249-A4F3-C2B9C6EA3ECB}"
EndProject
Global
	GlobalSection(SolutionConfigurationPlatforms) = preSolution
		Debug|Any CPU = Debug|Any CPU
		Release|Any CPU = Release|Any CPU
	EndGlobalSection
	GlobalSection(ProjectConfigurationPlatforms) = postSolution
		{D06EBB01-9BE5-4D46-B3E2-3600FB200646}.Debug|Any CPU.ActiveCfg = Debug|Any CPU
		{D06EBB01-9BE5-4D46-B3E2-3600FB200646}.Debug|Any CPU.Build.0 = Debug|Any CPU
		{D06EBB01-9BE5-4D46-B3E2-3600FB200646}.Release|Any CPU.ActiveCfg = Release|Any CPU
		{D06EBB01-9BE5-4D46-B3E2-3600FB200646}.Release|Any CPU.Build.0 = Release|Any CPU
		{32506E7A-DB28-4423-B054-7D59CBF2441F}.Debug|Any CPU.ActiveCfg = Debug|Any CPU
		{32506E7A-DB28-4423-B054-7D59CBF2441F}.Debug|Any CPU.Build.0 = Debug|Any CPU
		{32506E7A-DB28-4423-B054-7D59CBF2441F}.Release|Any CPU.ActiveCfg = Release|Any CPU
		{32506E7A-DB28-4423-B054-7D59CBF2441F}.Release|Any CPU.Build.0 = Release|Any CPU
		{E515BF5E-442B-4249-A4F3-C2B9C6EA3ECB}.Debug|Any CPU.ActiveCfg = Debug
		{E515BF5E-442B-4249-A4F3-C2B9C6EA3ECB}.Release|Any CPU.ActiveCfg = Release
	EndGlobalSection
	GlobalSection(SolutionProperties) = preSolution
		HideSolutionNode = FALSE
	EndGlobalSection
EndGlobal
